// !$*UTF8*$!
{
	archiveVersion = 1;
	classes = {
	};
	objectVersion = 51;
	objects = {

/* Begin PBXBuildFile section */
		3B33F79DC08BDA2CAB34BA08 /* Pods_New_Year.framework in Frameworks */ = {isa = PBXBuildFile; fileRef = C03B2A5B6C186D720B1580FE /* Pods_New_Year.framework */; };
		520F5672259E365000CFA790 /* AppDelegate.swift in Sources */ = {isa = PBXBuildFile; fileRef = 520F5671259E365000CFA790 /* AppDelegate.swift */; };
		520F5674259E365000CFA790 /* SceneDelegate.swift in Sources */ = {isa = PBXBuildFile; fileRef = 520F5673259E365000CFA790 /* SceneDelegate.swift */; };
		520F5676259E365000CFA790 /* ViewController.swift in Sources */ = {isa = PBXBuildFile; fileRef = 520F5675259E365000CFA790 /* ViewController.swift */; };
		520F567B259E365100CFA790 /* Assets.xcassets in Resources */ = {isa = PBXBuildFile; fileRef = 520F567A259E365100CFA790 /* Assets.xcassets */; };
		520F567E259E365100CFA790 /* LaunchScreen.storyboard in Resources */ = {isa = PBXBuildFile; fileRef = 520F567C259E365100CFA790 /* LaunchScreen.storyboard */; };
		520F5688259E36E400CFA790 /* Extensions.swift in Sources */ = {isa = PBXBuildFile; fileRef = 520F5687259E36E400CFA790 /* Extensions.swift */; };
/* End PBXBuildFile section */

/* Begin PBXFileReference section */
		520F566E259E365000CFA790 /* New Year.app */ = {isa = PBXFileReference; explicitFileType = wrapper.application; includeInIndex = 0; path = "New Year.app"; sourceTree = BUILT_PRODUCTS_DIR; };
		520F5671259E365000CFA790 /* AppDelegate.swift */ = {isa = PBXFileReference; lastKnownFileType = sourcecode.swift; path = AppDelegate.swift; sourceTree = "<group>"; };
		520F5673259E365000CFA790 /* SceneDelegate.swift */ = {isa = PBXFileReference; lastKnownFileType = sourcecode.swift; path = SceneDelegate.swift; sourceTree = "<group>"; };
		520F5675259E365000CFA790 /* ViewController.swift */ = {isa = PBXFileReference; lastKnownFileType = sourcecode.swift; path = ViewController.swift; sourceTree = "<group>"; };
		520F567A259E365100CFA790 /* Assets.xcassets */ = {isa = PBXFileReference; lastKnownFileType = folder.assetcatalog; path = Assets.xcassets; sourceTree = "<group>"; };
		520F567D259E365100CFA790 /* Base */ = {isa = PBXFileReference; lastKnownFileType = file.storyboard; name = Base; path = Base.lproj/LaunchScreen.storyboard; sourceTree = "<group>"; };
		520F567F259E365100CFA790 /* Info.plist */ = {isa = PBXFileReference; lastKnownFileType = text.plist.xml; path = Info.plist; sourceTree = "<group>"; };
		520F5687259E36E400CFA790 /* Extensions.swift */ = {isa = PBXFileReference; fileEncoding = 4; lastKnownFileType = sourcecode.swift; path = Extensions.swift; sourceTree = "<group>"; };
		A29BD58AD1933B842A4DC94A /* Pods-New Year.release.xcconfig */ = {isa = PBXFileReference; includeInIndex = 1; lastKnownFileType = text.xcconfig; name = "Pods-New Year.release.xcconfig"; path = "Target Support Files/Pods-New Year/Pods-New Year.release.xcconfig"; sourceTree = "<group>"; };
		C03B2A5B6C186D720B1580FE /* Pods_New_Year.framework */ = {isa = PBXFileReference; explicitFileType = wrapper.framework; includeInIndex = 0; path = Pods_New_Year.framework; sourceTree = BUILT_PRODUCTS_DIR; };
		CD75A16C42219758AAED9808 /* Pods-New Year.debug.xcconfig */ = {isa = PBXFileReference; includeInIndex = 1; lastKnownFileType = text.xcconfig; name = "Pods-New Year.debug.xcconfig"; path = "Target Support Files/Pods-New Year/Pods-New Year.debug.xcconfig"; sourceTree = "<group>"; };
/* End PBXFileReference section */

/* Begin PBXFrameworksBuildPhase section */
		520F566B259E365000CFA790 /* Frameworks */ = {
			isa = PBXFrameworksBuildPhase;
			buildActionMask = 2147483647;
			files = (
				3B33F79DC08BDA2CAB34BA08 /* Pods_New_Year.framework in Frameworks */,
			);
			runOnlyForDeploymentPostprocessing = 0;
		};
/* End PBXFrameworksBuildPhase section */

/* Begin PBXGroup section */
		520F5665259E365000CFA790 = {
			isa = PBXGroup;
			children = (
				520F5670259E365000CFA790 /* New Year */,
				520F566F259E365000CFA790 /* Products */,
				EFBB2B35EF005F6BF60C4BFB /* Pods */,
				5849BF860EC560FBED20A75F /* Frameworks */,
			);
			sourceTree = "<group>";
		};
		520F566F259E365000CFA790 /* Products */ = {
			isa = PBXGroup;
			children = (
				520F566E259E365000CFA790 /* New Year.app */,
			);
			name = Products;
			sourceTree = "<group>";
		};
		520F5670259E365000CFA790 /* New Year */ = {
			isa = PBXGroup;
			children = (
				520F5671259E365000CFA790 /* AppDelegate.swift */,
				520F5673259E365000CFA790 /* SceneDelegate.swift */,
				520F5675259E365000CFA790 /* ViewController.swift */,
				520F5687259E36E400CFA790 /* Extensions.swift */,
				520F567A259E365100CFA790 /* Assets.xcassets */,
				520F567C259E365100CFA790 /* LaunchScreen.storyboard */,
				520F567F259E365100CFA790 /* Info.plist */,
			);
			path = "New Year";
			sourceTree = "<group>";
		};
		5849BF860EC560FBED20A75F /* Frameworks */ = {
			isa = PBXGroup;
			children = (
				C03B2A5B6C186D720B1580FE /* Pods_New_Year.framework */,
			);
			name = Frameworks;
			sourceTree = "<group>";
		};
		EFBB2B35EF005F6BF60C4BFB /* Pods */ = {
			isa = PBXGroup;
			children = (
				CD75A16C42219758AAED9808 /* Pods-New Year.debug.xcconfig */,
				A29BD58AD1933B842A4DC94A /* Pods-New Year.release.xcconfig */,
			);
			path = Pods;
			sourceTree = "<group>";
		};
/* End PBXGroup section */

/* Begin PBXNativeTarget section */
		520F566D259E365000CFA790 /* New Year */ = {
			isa = PBXNativeTarget;
			buildConfigurationList = 520F5682259E365100CFA790 /* Build configuration list for PBXNativeTarget "New Year" */;
			buildPhases = (
				ED66379E8416A34DA6A725F9 /* [CP] Check Pods Manifest.lock */,
				520F566A259E365000CFA790 /* Sources */,
				520F566B259E365000CFA790 /* Frameworks */,
				520F566C259E365000CFA790 /* Resources */,
				119BD602588A6F2E4E7463B9 /* [CP] Embed Pods Frameworks */,
			);
			buildRules = (
			);
			dependencies = (
			);
			name = "New Year";
			productName = "New Year";
			productReference = 520F566E259E365000CFA790 /* New Year.app */;
			productType = "com.apple.product-type.application";
		};
/* End PBXNativeTarget section */

/* Begin PBXProject section */
		520F5666259E365000CFA790 /* Project object */ = {
			isa = PBXProject;
			attributes = {
				LastSwiftUpdateCheck = 1230;
				LastUpgradeCheck = 1230;
				TargetAttributes = {
					520F566D259E365000CFA790 = {
						CreatedOnToolsVersion = 12.3;
					};
				};
			};
			buildConfigurationList = 520F5669259E365000CFA790 /* Build configuration list for PBXProject "New Year" */;
			compatibilityVersion = "Xcode 9.3";
			developmentRegion = en;
			hasScannedForEncodings = 0;
			knownRegions = (
				en,
				Base,
			);
			mainGroup = 520F5665259E365000CFA790;
			productRefGroup = 520F566F259E365000CFA790 /* Products */;
			projectDirPath = "";
			projectRoot = "";
			targets = (
				520F566D259E365000CFA790 /* New Year */,
			);
		};
/* End PBXProject section */

/* Begin PBXResourcesBuildPhase section */
		520F566C259E365000CFA790 /* Resources */ = {
			isa = PBXResourcesBuildPhase;
			buildActionMask = 2147483647;
			files = (
				520F567E259E365100CFA790 /* LaunchScreen.storyboard in Resources */,
				520F567B259E365100CFA790 /* Assets.xcassets in Resources */,
			);
			runOnlyForDeploymentPostprocessing = 0;
		};
/* End PBXResourcesBuildPhase section */

/* Begin PBXShellScriptBuildPhase section */
		119BD602588A6F2E4E7463B9 /* [CP] Embed Pods Frameworks */ = {
			isa = PBXShellScriptBuildPhase;
			buildActionMask = 2147483647;
			files = (
			);
			inputFileListPaths = (
				"${PODS_ROOT}/Target Support Files/Pods-New Year/Pods-New Year-frameworks-${CONFIGURATION}-input-files.xcfilelist",
			);
			name = "[CP] Embed Pods Frameworks";
			outputFileListPaths = (
				"${PODS_ROOT}/Target Support Files/Pods-New Year/Pods-New Year-frameworks-${CONFIGURATION}-output-files.xcfilelist",
			);
			runOnlyForDeploymentPostprocessing = 0;
			shellPath = /bin/sh;
			shellScript = "\"${PODS_ROOT}/Target Support Files/Pods-New Year/Pods-New Year-frameworks.sh\"\n";
			showEnvVarsInLog = 0;
		};
		ED66379E8416A34DA6A725F9 /* [CP] Check Pods Manifest.lock */ = {
			isa = PBXShellScriptBuildPhase;
			buildActionMask = 2147483647;
			files = (
			);
			inputFileListPaths = (
			);
			inputPaths = (
				"${PODS_PODFILE_DIR_PATH}/Podfile.lock",
				"${PODS_ROOT}/Manifest.lock",
			);
			name = "[CP] Check Pods Manifest.lock";
			outputFileListPaths = (
			);
			outputPaths = (
				"$(DERIVED_FILE_DIR)/Pods-New Year-checkManifestLockResult.txt",
			);
			runOnlyForDeploymentPostprocessing = 0;
			shellPath = /bin/sh;
			shellScript = "diff \"${PODS_PODFILE_DIR_PATH}/Podfile.lock\" \"${PODS_ROOT}/Manifest.lock\" > /dev/null\nif [ $? != 0 ] ; then\n    # print error to STDERR\n    echo \"error: The sandbox is not in sync with the Podfile.lock. Run 'pod install' or update your CocoaPods installation.\" >&2\n    exit 1\nfi\n# This output is used by Xcode 'outputs' to avoid re-running this script phase.\necho \"SUCCESS\" > \"${SCRIPT_OUTPUT_FILE_0}\"\n";
			showEnvVarsInLog = 0;
		};
/* End PBXShellScriptBuildPhase section */

/* Begin PBXSourcesBuildPhase section */
		520F566A259E365000CFA790 /* Sources */ = {
			isa = PBXSourcesBuildPhase;
			buildActionMask = 2147483647;
			files = (
				520F5676259E365000CFA790 /* ViewController.swift in Sources */,
				520F5672259E365000CFA790 /* AppDelegate.swift in Sources */,
				520F5674259E365000CFA790 /* SceneDelegate.swift in Sources */,
				520F5688259E36E400CFA790 /* Extensions.swift in Sources */,
			);
			runOnlyForDeploymentPostprocessing = 0;
		};
/* End PBXSourcesBuildPhase section */

/* Begin PBXVariantGroup section */
		520F567C259E365100CFA790 /* LaunchScreen.storyboard */ = {
			isa = PBXVariantGroup;
			children = (
				520F567D259E365100CFA790 /* Base */,
			);
			name = LaunchScreen.storyboard;
			sourceTree = "<group>";
		};
/* End PBXVariantGroup section */

/* Begin XCBuildConfiguration section */
		520F5680259E365100CFA790 /* Debug */ = {
			isa = XCBuildConfiguration;
			buildSettings = {
				ALWAYS_SEARCH_USER_PATHS = NO;
				CLANG_ANALYZER_NONNULL = YES;
				CLANG_ANALYZER_NUMBER_OBJECT_CONVERSION = YES_AGGRESSIVE;
				CLANG_CXX_LANGUAGE_STANDARD = "gnu++14";
				CLANG_CXX_LIBRARY = "libc++";
				CLANG_ENABLE_MODULES = YES;
				CLANG_ENABLE_OBJC_ARC = YES;
				CLANG_ENABLE_OBJC_WEAK = YES;
				CLANG_WARN_BLOCK_CAPTURE_AUTORELEASING = YES;
				CLANG_WARN_BOOL_CONVERSION = YES;
				CLANG_WARN_COMMA = YES;
				CLANG_WARN_CONSTANT_CONVERSION = YES;
				CLANG_WARN_DEPRECATED_OBJC_IMPLEMENTATIONS = YES;
				CLANG_WARN_DIRECT_OBJC_ISA_USAGE = YES_ERROR;
				CLANG_WARN_DOCUMENTATION_COMMENTS = YES;
				CLANG_WARN_EMPTY_BODY = YES;
				CLANG_WARN_ENUM_CONVERSION = YES;
				CLANG_WARN_INFINITE_RECURSION = YES;
				CLANG_WARN_INT_CONVERSION = YES;
				CLANG_WARN_NON_LITERAL_NULL_CONVERSION = YES;
				CLANG_WARN_OBJC_IMPLICIT_RETAIN_SELF = YES;
				CLANG_WARN_OBJC_LITERAL_CONVERSION = YES;
				CLANG_WARN_OBJC_ROOT_CLASS = YES_ERROR;
				CLANG_WARN_QUOTED_INCLUDE_IN_FRAMEWORK_HEADER = YES;
				CLANG_WARN_RANGE_LOOP_ANALYSIS = YES;
				CLANG_WARN_STRICT_PROTOTYPES = YES;
				CLANG_WARN_SUSPICIOUS_MOVE = YES;
				CLANG_WARN_UNGUARDED_AVAILABILITY = YES_AGGRESSIVE;
				CLANG_WARN_UNREACHABLE_CODE = YES;
				CLANG_WARN__DUPLICATE_METHOD_MATCH = YES;
				COPY_PHASE_STRIP = NO;
				DEBUG_INFORMATION_FORMAT = dwarf;
				ENABLE_STRICT_OBJC_MSGSEND = YES;
				ENABLE_TESTABILITY = YES;
				GCC_C_LANGUAGE_STANDARD = gnu11;
				GCC_DYNAMIC_NO_PIC = NO;
				GCC_NO_COMMON_BLOCKS = YES;
				GCC_OPTIMIZATION_LEVEL = 0;
				GCC_PREPROCESSOR_DEFINITIONS = (
					"DEBUG=1",
					"$(inherited)",
				);
				GCC_WARN_64_TO_32_BIT_CONVERSION = YES;
				GCC_WARN_ABOUT_RETURN_TYPE = YES_ERROR;
				GCC_WARN_UNDECLARED_SELECTOR = YES;
				GCC_WARN_UNINITIALIZED_AUTOS = YES_AGGRESSIVE;
				GCC_WARN_UNUSED_FUNCTION = YES;
				GCC_WARN_UNUSED_VARIABLE = YES;
				IPHONEOS_DEPLOYMENT_TARGET = 14.3;
				MTL_ENABLE_DEBUG_INFO = INCLUDE_SOURCE;
				MTL_FAST_MATH = YES;
				ONLY_ACTIVE_ARCH = YES;
				SDKROOT = iphoneos;
				SWIFT_ACTIVE_COMPILATION_CONDITIONS = DEBUG;
				SWIFT_OPTIMIZATION_LEVEL = "-Onone";
			};
			name = Debug;
		};
		520F5681259E365100CFA790 /* Release */ = {
			isa = XCBuildConfiguration;
			buildSettings = {
				ALWAYS_SEARCH_USER_PATHS = NO;
				CLANG_ANALYZER_NONNULL = YES;
				CLANG_ANALYZER_NUMBER_OBJECT_CONVERSION = YES_AGGRESSIVE;
				CLANG_CXX_LANGUAGE_STANDARD = "gnu++14";
				CLANG_CXX_LIBRARY = "libc++";
				CLANG_ENABLE_MODULES = YES;
				CLANG_ENABLE_OBJC_ARC = YES;
				CLANG_ENABLE_OBJC_WEAK = YES;
				CLANG_WARN_BLOCK_CAPTURE_AUTORELEASING = YES;
				CLANG_WARN_BOOL_CONVERSION = YES;
				CLANG_WARN_COMMA = YES;
				CLANG_WARN_CONSTANT_CONVERSION = YES;
				CLANG_WARN_DEPRECATED_OBJC_IMPLEMENTATIONS = YES;
				CLANG_WARN_DIRECT_OBJC_ISA_USAGE = YES_ERROR;
				CLANG_WARN_DOCUMENTATION_COMMENTS = YES;
				CLANG_WARN_EMPTY_BODY = YES;
				CLANG_WARN_ENUM_CONVERSION = YES;
				CLANG_WARN_INFINITE_RECURSION = YES;
				CLANG_WARN_INT_CONVERSION = YES;
				CLANG_WARN_NON_LITERAL_NULL_CONVERSION = YES;
				CLANG_WARN_OBJC_IMPLICIT_RETAIN_SELF = YES;
				CLANG_WARN_OBJC_LITERAL_CONVERSION = YES;
				CLANG_WARN_OBJC_ROOT_CLASS = YES_ERROR;
				CLANG_WARN_QUOTED_INCLUDE_IN_FRAMEWORK_HEADER = YES;
				CLANG_WARN_RANGE_LOOP_ANALYSIS = YES;
				CLANG_WARN_STRICT_PROTOTYPES = YES;
				CLANG_WARN_SUSPICIOUS_MOVE = YES;
				CLANG_WARN_UNGUARDED_AVAILABILITY = YES_AGGRESSIVE;
				CLANG_WARN_UNREACHABLE_CODE = YES;
				CLANG_WARN__DUPLICATE_METHOD_MATCH = YES;
				COPY_PHASE_STRIP = NO;
				DEBUG_INFORMATION_FORMAT = "dwarf-with-dsym";
				ENABLE_NS_ASSERTIONS = NO;
				ENABLE_STRICT_OBJC_MSGSEND = YES;
				GCC_C_LANGUAGE_STANDARD = gnu11;
				GCC_NO_COMMON_BLOCKS = YES;
				GCC_WARN_64_TO_32_BIT_CONVERSION = YES;
				GCC_WARN_ABOUT_RETURN_TYPE = YES_ERROR;
				GCC_WARN_UNDECLARED_SELECTOR = YES;
				GCC_WARN_UNINITIALIZED_AUTOS = YES_AGGRESSIVE;
				GCC_WARN_UNUSED_FUNCTION = YES;
				GCC_WARN_UNUSED_VARIABLE = YES;
				IPHONEOS_DEPLOYMENT_TARGET = 14.3;
				MTL_ENABLE_DEBUG_INFO = NO;
				MTL_FAST_MATH = YES;
				SDKROOT = iphoneos;
				SWIFT_COMPILATION_MODE = wholemodule;
				SWIFT_OPTIMIZATION_LEVEL = "-O";
				VALIDATE_PRODUCT = YES;
			};
			name = Release;
		};
		520F5683259E365100CFA790 /* Debug */ = {
			isa = XCBuildConfiguration;
			baseConfigurationReference = CD75A16C42219758AAED9808 /* Pods-New Year.debug.xcconfig */;
			buildSettings = {
				ASSETCATALOG_COMPILER_APPICON_NAME = AppIcon;
				ASSETCATALOG_COMPILER_GLOBAL_ACCENT_COLOR_NAME = AccentColor;
				CODE_SIGN_STYLE = Automatic;
				DEVELOPMENT_TEAM = 6NN39GMNRV;
				INFOPLIST_FILE = "New Year/Info.plist";
				LD_RUNPATH_SEARCH_PATHS = (
					"$(inherited)",
					"@executable_path/Frameworks",
				);
				PRODUCT_BUNDLE_IDENTIFIER = "com.shadow.New-Year";
				PRODUCT_NAME = "$(TARGET_NAME)";
				SWIFT_VERSION = 5.0;
				TARGETED_DEVICE_FAMILY = "1,2";
			};
			name = Debug;
		};
		520F5684259E365100CFA790 /* Release */ = {
			isa = XCBuildConfiguration;
			baseConfigurationReference = A29BD58AD1933B842A4DC94A /* Pods-New Year.release.xcconfig */;
			buildSettings = {
				ASSETCATALOG_COMPILER_APPICON_NAME = AppIcon;
				ASSETCATALOG_COMPILER_GLOBAL_ACCENT_COLOR_NAME = AccentColor;
				CODE_SIGN_STYLE = Automatic;
				DEVELOPMENT_TEAM = 6NN39GMNRV;
				INFOPLIST_FILE = "New Year/Info.plist";
				LD_RUNPATH_SEARCH_PATHS = (
					"$(inherited)",
					"@executable_path/Frameworks",
				);
				PRODUCT_BUNDLE_IDENTIFIER = "com.shadow.New-Year";
				PRODUCT_NAME = "$(TARGET_NAME)";
				SWIFT_VERSION = 5.0;
				TARGETED_DEVICE_FAMILY = "1,2";
			};
			name = Release;
		};
/* End XCBuildConfiguration section */

/* Begin XCConfigurationList section */
		520F5669259E365000CFA790 /* Build configuration list for PBXProject "New Year" */ = {
			isa = XCConfigurationList;
			buildConfigurations = (
				520F5680259E365100CFA790 /* Debug */,
				520F5681259E365100CFA790 /* Release */,
			);
			defaultConfigurationIsVisible = 0;
			defaultConfigurationName = Release;
		};
		520F5682259E365100CFA790 /* Build configuration list for PBXNativeTarget "New Year" */ = {
			isa = XCConfigurationList;
			buildConfigurations = (
				520F5683259E365100CFA790 /* Debug */,
				520F5684259E365100CFA790 /* Release */,
			);
			defaultConfigurationIsVisible = 0;
			defaultConfigurationName = Release;
		};
/* End XCConfigurationList section */
	};
	rootObject = 520F5666259E365000CFA790 /* Project object */;
}
